
Microsoft Visual Studio Solution File, Format Version 12.00
# Visual Studio Version 17
VisualStudioVersion = 17.7.34202.233
MinimumVisualStudioVersion = 10.0.40219.1
Project("{FAE04EC0-301F-11D3-BF4B-00C04F79EFBC}") = "PilotonPizza", "PilotonPizza\PilotonPizza.csproj", "{4F058658-CE38-4D68-A5BD-2D8389305824}"
EndProject
Global
	GlobalSection(SolutionConfigurationPlatforms) = preSolution
		Debug|Any CPU = Debug|Any CPU
		Release|Any CPU = Release|Any CPU
	EndGlobalSection
	GlobalSection(ProjectConfigurationPlatforms) = postSolution
		{4F058658-CE38-4D68-A5BD-2D8389305824}.Debug|Any CPU.ActiveCfg = Debug|Any CPU
		{4F058658-CE38-4D68-A5BD-2D8389305824}.Debug|Any CPU.Build.0 = Debug|Any CPU
		{4F058658-CE38-4D68-A5BD-2D8389305824}.Release|Any CPU.ActiveCfg = Release|Any CPU
		{4F058658-CE38-4D68-A5BD-2D8389305824}.Release|Any CPU.Build.0 = Release|Any CPU
	EndGlobalSection
	GlobalSection(SolutionProperties) = preSolution
		HideSolutionNode = FALSE
	EndGlobalSection
	GlobalSection(ExtensibilityGlobals) = postSolution
		SolutionGuid = {48EFD81B-AF9D-4A80-AF14-9D26140BACB2}
	EndGlobalSection
EndGlobal
